
Microsoft Visual Studio Solution File, Format Version 12.00
# Visual Studio Version 16
VisualStudioVersion = 16.0.32929.386
MinimumVisualStudioVersion = 10.0.40219.1
Project("{9A19103F-16F7-4668-BE54-9A1E7A4F7556}") = "SE_Training_Acts", "SE_Training_Act_1\SE_Training_Acts.csproj", "{84BFEBCA-224F-43D7-A4DB-2C134A6E0FD2}"
EndProject
Project("{2150E333-8FDC-42A3-9474-1A3956D46DE8}") = "Solution Items", "Solution Items", "{ACB5F582-1963-4906-AE37-285396662155}"
	ProjectSection(SolutionItems) = preProject
		.editorconfig = .editorconfig
	EndProjectSection
EndProject
Global
	GlobalSection(SolutionConfigurationPlatforms) = preSolution
		Debug|Any CPU = Debug|Any CPU
		Release|Any CPU = Release|Any CPU
	EndGlobalSection
	GlobalSection(ProjectConfigurationPlatforms) = postSolution
		{84BFEBCA-224F-43D7-A4DB-2C134A6E0FD2}.Debug|Any CPU.ActiveCfg = Debug|Any CPU
		{84BFEBCA-224F-43D7-A4DB-2C134A6E0FD2}.Debug|Any CPU.Build.0 = Debug|Any CPU
		{84BFEBCA-224F-43D7-A4DB-2C134A6E0FD2}.Release|Any CPU.ActiveCfg = Release|Any CPU
		{84BFEBCA-224F-43D7-A4DB-2C134A6E0FD2}.Release|Any CPU.Build.0 = Release|Any CPU
	EndGlobalSection
	GlobalSection(SolutionProperties) = preSolution
		HideSolutionNode = FALSE
	EndGlobalSection
	GlobalSection(ExtensibilityGlobals) = postSolution
		SolutionGuid = {B517A979-AEEB-48CC-B77A-C178D4ADC48E}
	EndGlobalSection
EndGlobal
